
Microsoft Visual Studio Solution File, Format Version 12.00
# Visual Studio Version 17
VisualStudioVersion = 17.7.34003.232
MinimumVisualStudioVersion = 10.0.40219.1
Project("{9A19103F-16F7-4668-BE54-9A1E7A4F7556}") = "Blog.API", "Blog.API\Blog.API.csproj", "{E0DF9548-99DD-4785-9410-2ECE8666B99A}"
EndProject
Project("{9A19103F-16F7-4668-BE54-9A1E7A4F7556}") = "Blog.Core", "Blog.Core\Blog.Core.csproj", "{8AEEF3F8-2B68-4416-962F-DDD884077231}"
EndProject
Project("{9A19103F-16F7-4668-BE54-9A1E7A4F7556}") = "Blog.Infrastructure", "Blog.Infrastructure\Blog.Infrastructure.csproj", "{24118AAA-7E3F-4E07-B47A-8DCF0DDDDFE0}"
EndProject
Project("{FAE04EC0-301F-11D3-BF4B-00C04F79EFBC}") = "Blog.Dependencies", "Blog.Dependencies\Blog.Dependencies.csproj", "{A68B605C-30D6-46A8-9856-7C2392E2E826}"
EndProject
Global
	GlobalSection(SolutionConfigurationPlatforms) = preSolution
		Debug|Any CPU = Debug|Any CPU
		Release|Any CPU = Release|Any CPU
	EndGlobalSection
	GlobalSection(ProjectConfigurationPlatforms) = postSolution
		{E0DF9548-99DD-4785-9410-2ECE8666B99A}.Debug|Any CPU.ActiveCfg = Debug|Any CPU
		{E0DF9548-99DD-4785-9410-2ECE8666B99A}.Debug|Any CPU.Build.0 = Debug|Any CPU
		{E0DF9548-99DD-4785-9410-2ECE8666B99A}.Release|Any CPU.ActiveCfg = Release|Any CPU
		{E0DF9548-99DD-4785-9410-2ECE8666B99A}.Release|Any CPU.Build.0 = Release|Any CPU
		{8AEEF3F8-2B68-4416-962F-DDD884077231}.Debug|Any CPU.ActiveCfg = Debug|Any CPU
		{8AEEF3F8-2B68-4416-962F-DDD884077231}.Debug|Any CPU.Build.0 = Debug|Any CPU
		{8AEEF3F8-2B68-4416-962F-DDD884077231}.Release|Any CPU.ActiveCfg = Release|Any CPU
		{8AEEF3F8-2B68-4416-962F-DDD884077231}.Release|Any CPU.Build.0 = Release|Any CPU
		{24118AAA-7E3F-4E07-B47A-8DCF0DDDDFE0}.Debug|Any CPU.ActiveCfg = Debug|Any CPU
		{24118AAA-7E3F-4E07-B47A-8DCF0DDDDFE0}.Debug|Any CPU.Build.0 = Debug|Any CPU
		{24118AAA-7E3F-4E07-B47A-8DCF0DDDDFE0}.Release|Any CPU.ActiveCfg = Release|Any CPU
		{24118AAA-7E3F-4E07-B47A-8DCF0DDDDFE0}.Release|Any CPU.Build.0 = Release|Any CPU
		{A68B605C-30D6-46A8-9856-7C2392E2E826}.Debug|Any CPU.ActiveCfg = Debug|Any CPU
		{A68B605C-30D6-46A8-9856-7C2392E2E826}.Debug|Any CPU.Build.0 = Debug|Any CPU
		{A68B605C-30D6-46A8-9856-7C2392E2E826}.Release|Any CPU.ActiveCfg = Release|Any CPU
		{A68B605C-30D6-46A8-9856-7C2392E2E826}.Release|Any CPU.Build.0 = Release|Any CPU
	EndGlobalSection
	GlobalSection(SolutionProperties) = preSolution
		HideSolutionNode = FALSE
	EndGlobalSection
	GlobalSection(ExtensibilityGlobals) = postSolution
		SolutionGuid = {8748377D-27D6-4FEA-A2DD-C700D2F4D39E}
	EndGlobalSection
EndGlobal
